
Microsoft Visual Studio Solution File, Format Version 12.00
# Visual Studio Version 17
VisualStudioVersion = 17.14.36310.24 d17.14
MinimumVisualStudioVersion = 10.0.40219.1
Project("{FAE04EC0-301F-11D3-BF4B-00C04F79EFBC}") = "temperature-api", "temperature-api.csproj", "{BD746B75-2932-44B4-A858-C6BB3DE6BE04}"
EndProject
Global
	GlobalSection(SolutionConfigurationPlatforms) = preSolution
		Debug|Any CPU = Debug|Any CPU
		Release|Any CPU = Release|Any CPU
	EndGlobalSection
	GlobalSection(ProjectConfigurationPlatforms) = postSolution
		{BD746B75-2932-44B4-A858-C6BB3DE6BE04}.Debug|Any CPU.ActiveCfg = Debug|Any CPU
		{BD746B75-2932-44B4-A858-C6BB3DE6BE04}.Debug|Any CPU.Build.0 = Debug|Any CPU
		{BD746B75-2932-44B4-A858-C6BB3DE6BE04}.Release|Any CPU.ActiveCfg = Release|Any CPU
		{BD746B75-2932-44B4-A858-C6BB3DE6BE04}.Release|Any CPU.Build.0 = Release|Any CPU
	EndGlobalSection
	GlobalSection(SolutionProperties) = preSolution
		HideSolutionNode = FALSE
	EndGlobalSection
	GlobalSection(ExtensibilityGlobals) = postSolution
		SolutionGuid = {429B3CC6-413F-4912-95CE-6CDDBF55E1C8}
	EndGlobalSection
EndGlobal
